{
  "version": "4",
  "remote": {
    "https://cdn.skypack.dev/-/clone@v2.1.2-inH2VLNzDGiYU9HUWyZM/dist=es2020,mode=imports,min/optimized/clone.js": "854af05bde492977f309da50c7d5bd629c49810284f5234bee6799d6a2f3286d",
    "https://cdn.skypack.dev/-/d3-array@v3.1.1-Ibshj34oOmCw8da1RLSW/dist=es2020,mode=imports,min/optimized/d3-array.js": "c3f1a0b4cf44b2f2fd5e76456d2f2c0f59a508be9b5e47428bad2b851b47da8f",
    "https://cdn.skypack.dev/-/d3-array@v3.2.0-zhkQfnMQ2ct1k4iWdZiH/dist=es2020,mode=imports,min/optimized/d3-array.js": "5be296d4f4a32f53818661ac0b78918b5535ca69791cb5d39b2888ba18067bf7",
    "https://cdn.skypack.dev/-/d3-array@v3.2.1-hGTrvmvXYXil9KElf3uD/dist=es2020,mode=imports,min/optimized/d3-array.js": "5a4e93da1c19fae6aa10a03db3ce0a2e92bfb770875229c56a9e67919492c668",
    "https://cdn.skypack.dev/-/d3-array@v3.2.2-mREp9VYvdluM4XTkemzD/dist=es2020,mode=imports,min/optimized/d3-array.js": "1689efc8c297a04002732017167bd1845191d2782326b8b325de85edb362f611",
    "https://cdn.skypack.dev/-/d3-array@v3.2.3-YYAnwYSQZgGML08QhecQ/dist=es2020,mode=imports,min/optimized/d3-array.js": "e3ea197e590aecf74d098fc76385619670665d330b3762aa2884ff30744e041c",
    "https://cdn.skypack.dev/-/d3-array@v3.2.4-G4hy00bPnjF6FrSYpT32/dist=es2020,mode=imports,min/optimized/d3-array.js": "0ea6dee19e8c4fcaa524d9d953d43b0db86815adbf13c7cbc424689abeddb098",
    "https://cdn.skypack.dev/-/d3-color@v3.0.1-PMFX4FeSjgNPlkOOfuhz/dist=es2020,mode=imports,min/optimized/d3-color.js": "b444b312ca9eb3e35715232faa9ed2ebfb4f89e483ef8820aa0fd07b2e17d92c",
    "https://cdn.skypack.dev/-/d3-color@v3.1.0-MWHDMwd2Pvp3NFjvrHgn/dist=es2020,mode=imports,min/optimized/d3-color.js": "345423cff39016ed31a25e0ce76cea13437803be66c904819a4e41866aec7240",
    "https://cdn.skypack.dev/-/d3-delaunay@v6.0.2-W2uPNrmySJLg3U5jTBxc/dist=es2020,mode=imports,min/optimized/d3-delaunay.js": "2622b827562af6f789d162134a4c019be79de8994ff12a1f2f3a2241abf1ef79",
    "https://cdn.skypack.dev/-/d3-delaunay@v6.0.4-8vxm7aIldY6XMTxF521F/dist=es2020,mode=imports,min/optimized/d3-delaunay.js": "18b0eaa1b9e3ee8aba7399591b547118931a7a64082bdf65e12d6cec69e57fe0",
    "https://cdn.skypack.dev/-/d3-dispatch@v3.0.1-v6nbfqO2iWOSwp77fYdB/dist=es2020,mode=imports,min/optimized/d3-dispatch.js": "5defbd37a2e6b1bb2149d2a37f8a3d5e387587ca0f3c407b1afcab4013b800c9",
    "https://cdn.skypack.dev/-/d3-dsv@v3.0.1-u1xCRjaLJc0qqv1Z5ERe/dist=es2020,mode=imports,min/optimized/d3-dsv.js": "b242e1f70a275ac00188dd243d302400f51de16a73d410883ba0587df79d5246",
    "https://cdn.skypack.dev/-/d3-force@v3.0.0-cshj62qMoyIGNIXoil9u/dist=es2020,mode=imports,min/optimized/d3-force.js": "59d984bc533b9629bf8b5a3f05883f3a1c63adb5b36554eda67320f863581bf1",
    "https://cdn.skypack.dev/-/d3-format@v3.0.1-LyjmeNp0E5YokPvOjBaD/dist=es2020,mode=imports,min/optimized/d3-format.js": "ab95dbe7651b272beeaa0eb9997561bcd4b39c2f83d26b410dfb89b6d4719dfc",
    "https://cdn.skypack.dev/-/d3-format@v3.1.0-D5wAD2odDPNNWsKloKgL/dist=es2020,mode=imports,min/optimized/d3-format.js": "ab95dbe7651b272beeaa0eb9997561bcd4b39c2f83d26b410dfb89b6d4719dfc",
    "https://cdn.skypack.dev/-/d3-geo-projection@v4.0.0-5Hhxj2zKHEqWYAQIFo3r/dist=es2020,mode=imports,min/optimized/d3-geo-projection.js": "4c05c35a514256fbb447c35d3b50c072d7135e2bbc965cf2c6e078084a1a9886",
    "https://cdn.skypack.dev/-/d3-geo@v3.0.1-kwyelOm8gApBxT2oVVB9/dist=es2020,mode=imports,min/optimized/d3-geo.js": "843a434083f989ff36e4864c4846f3c94e1f9c1d374915d9cd5cdc915da5e600",
    "https://cdn.skypack.dev/-/d3-geo@v3.1.0-6gCuCN3p6hXOeZDWcbjw/dist=es2020,mode=imports,min/optimized/d3-geo.js": "d66555cf90fbe0d478352885c0e1698dd07f161800c911959a95ad3950633f52",
    "https://cdn.skypack.dev/-/d3-geo@v3.1.1-IFH102ROpDQE4rIMzW42/dist=es2020,mode=imports,min/optimized/d3-geo.js": "d07b818d4ac3bafdfea4e3bc3f2d176346f5e85b73e5159394d6a9172c00c884",
    "https://cdn.skypack.dev/-/d3-hierarchy@v3.1.2-wx7sW10pU4OkfBLgCDCU/dist=es2020,mode=imports,min/optimized/d3-hierarchy.js": "754b1f6f3102b8595d58b2f05ee4b55fc73532acf7d199ed3d304ab1fb6940af",
    "https://cdn.skypack.dev/-/d3-interpolate@v3.0.1-i9AsUdFHwyaukRBWNe8d/dist=es2020,mode=imports,min/optimized/d3-interpolate.js": "06c9323ad34386a07a1bafac255e2089126ea3661a6c4a22f2bd84103d265557",
    "https://cdn.skypack.dev/-/d3-path@v3.1.0-nHaUoYzlRDYONpece9h0/dist=es2020,mode=imports,min/optimized/d3-path.js": "309ba45d25d0c8c217b93e43d878e7823f99d074b3e2d8aaa6b6fe8dc631cbdf",
    "https://cdn.skypack.dev/-/d3-quadtree@v3.0.1-sMtwlDFghZGCTQ3UxKMT/dist=es2020,mode=imports,min/optimized/d3-quadtree.js": "2e090ad8bcd3c537ca42e0c2d2f4a507fb24fba0a1ae27dbf8a0c4afde20b379",
    "https://cdn.skypack.dev/-/d3-scale-chromatic@v3.1.0-xNM6NGi6M0zu1PK6q2i9/dist=es2020,mode=imports,min/optimized/d3-scale-chromatic.js": "b2a4030ef3b41fcff1b6682048e0c31ff07e5585c4cace2dccfeed199c996f42",
    "https://cdn.skypack.dev/-/d3-scale@v4.0.2-qUv67mnQQKwRMEsPRKcO/dist=es2020,mode=imports,min/optimized/d3-scale.js": "d45821da7a5cced0b3f5bd28164899cdd7c1a2b81088fe88acfa12dbb2d789a0",
    "https://cdn.skypack.dev/-/d3-shape@v3.2.0-jvLE9CjF3Vp4eEpVme8s/dist=es2020,mode=imports,min/optimized/d3-shape.js": "494768d162039f23fa9b4565871d7aa7d1bef1e4162b56f74699cde38cb6b6f6",
    "https://cdn.skypack.dev/-/d3-time-format@v4.0.0-A7vYeSqgWxeXXSpz1rEp/dist=es2020,mode=imports,min/optimized/d3-time-format.js": "61e40f31805495853f0ab157dc86bf134a97ad5cfd593ea15ef1c2950a62256f",
    "https://cdn.skypack.dev/-/d3-time-format@v4.1.0-f8eZV7eLtGIxvK8uvO3o/dist=es2020,mode=imports,min/optimized/d3-time-format.js": "61e40f31805495853f0ab157dc86bf134a97ad5cfd593ea15ef1c2950a62256f",
    "https://cdn.skypack.dev/-/d3-time@v3.0.0-Ww07wkuPsE2c8Ac33BKQ/dist=es2020,mode=imports,min/optimized/d3-time.js": "8ee72b7777f5b07b8eb00d6ec0189898c543484e2b5f4b06574a3d214b37b406",
    "https://cdn.skypack.dev/-/d3-time@v3.1.0-hkusO1LcNQpH1ccXwop7/dist=es2020,mode=imports,min/optimized/d3-time.js": "107766357d9fb1f35be96a23e6e499b5a162b5938fe1dafb10cca9703f51d5af",
    "https://cdn.skypack.dev/-/d3-timer@v3.0.1-O0QpYiI2jhOLEJodLnN1/dist=es2020,mode=imports,min/optimized/d3-timer.js": "47d14273d242e29d975a04666a8187fd1344897abd6b2659b2a7268d53df33fe",
    "https://cdn.skypack.dev/-/delaunator@v5.0.0-5MwqNhLRHOkBYnNXuoGN/dist=es2020,mode=imports,min/optimized/delaunator.js": "c275f251b8a8cb145b4874bebe9bfcd22b208a0a89230fdee3b6edcfcb0cfc6e",
    "https://cdn.skypack.dev/-/delaunator@v5.0.0-60DR2BxrKUGp07uAwKTO/dist=es2020,mode=imports,min/optimized/delaunator.js": "7873ae37e8576cf769ce06fa6b49af608531c27e0ff23aa2cdb180fbafefbdc3",
    "https://cdn.skypack.dev/-/fast-deep-equal@v3.1.3-ysejKs1WDEDPxUJhgGoP/dist=es2020,mode=imports,min/optimized/fast-deep-equal.js": "e183aa8e6d9d42aa9403a6187691d48509d1254cca21fa30071e6aff5b9ace03",
    "https://cdn.skypack.dev/-/fast-json-patch@v3.1.1-IjacxII42OC4A6OXhkDe/dist=es2020,mode=imports,min/optimized/fast-json-patch.js": "01cf95fc15a22bf8aa38a1518d5b11524f451847d4eeea9ede270c65981251a3",
    "https://cdn.skypack.dev/-/fast-json-stable-stringify@v2.1.0-HLgsuOtxPikt0pw16nth/dist=es2020,mode=imports,min/optimized/fast-json-stable-stringify.js": "f6b960d28b482134a1798bdc7d722b1d61fa740862e696efb44a342184926302",
    "https://cdn.skypack.dev/-/internmap@v2.0.3-GWZlRrRMFcDlELwTQEZq/dist=es2020,mode=imports,min/optimized/internmap.js": "c026464c4f8e67f18229e3a69cd834cd9c0c1ddff486baf5b5cc1f3b6b6e29c9",
    "https://cdn.skypack.dev/-/json-stringify-pretty-compact@v3.0.0-RM0i5NMwoiFhg7YNuXef/dist=es2020,mode=imports,min/optimized/json-stringify-pretty-compact.js": "da5e4784895eee5857c97bdd03e074667720edce36e7eb111a313542ca94ac83",
    "https://cdn.skypack.dev/-/lodash.debounce@v4.0.8-aOLIwnE2RethWPrEzTeR/dist=es2020,mode=imports,min/optimized/lodash.debounce.js": "a97d16af22d6209711ae7a4c83a99b31907e775b5d0e59cbfbc77e1d1e23ec99",
    "https://cdn.skypack.dev/-/robust-predicates@v3.0.1-4p4J15SSeLeNloSXgtZt/dist=es2020,mode=imports,min/optimized/robust-predicates.js": "114a45cd5bf123ca82212f24383e3a196acf2ece11601bd85a316243d3bee8f5",
    "https://cdn.skypack.dev/-/robust-predicates@v3.0.1-HLqPGJ72Lz4vKeF3T1y8/dist=es2020,mode=imports,min/optimized/robust-predicates.js": "114a45cd5bf123ca82212f24383e3a196acf2ece11601bd85a316243d3bee8f5",
    "https://cdn.skypack.dev/-/topojson-client@v3.1.0-fyhI24JwGwsqazuuSEoq/dist=es2020,mode=imports,min/optimized/topojson-client.js": "a4e9812a85bb20c7423e22018831e7d5ff9ad83659e6207e755687b1aa2b37c7",
    "https://cdn.skypack.dev/-/vega-canvas@v1.2.7-hCEcvULuKIOqBVGX1Tn8/dist=es2020,mode=imports,min/optimized/vega-canvas.js": "030efaa9e812e620d012586d0ac6dba051aeb6b78badc3062f0b7221dd25ff07",
    "https://cdn.skypack.dev/-/vega-crossfilter@v4.1.1-0AUAt51ACgvwsfDQr3R4/dist=es2020,mode=imports,min/optimized/vega-crossfilter.js": "a54e9cc9350c5db5fd9d0c35b96e49b9fa95f27e8df6c3980bd5c57a5f479c0e",
    "https://cdn.skypack.dev/-/vega-crossfilter@v4.1.2-4tsGV0HzWFU39iiKcBjX/dist=es2020,mode=imports,min/optimized/vega-crossfilter.js": "7ff63ea51439ae7bafcf1cf192b127f643744a10df2aae5195f216cd86e7c00c",
    "https://cdn.skypack.dev/-/vega-dataflow@v5.7.5-asKYS4gpPLMPf64pSozt/dist=es2020,mode=imports,min/optimized/vega-dataflow.js": "dc97adfd42601df0d9e90c5ec7b4084e0e7178457245fdb76e51b83f71c99306",
    "https://cdn.skypack.dev/-/vega-dataflow@v5.7.6-WDoszrJUyhTwz7sPwzda/dist=es2020,mode=imports,min/optimized/vega-dataflow.js": "0fe3d791f9598671dd833a02122007a73f93958a2973c89d0c7f9183f1875afd",
    "https://cdn.skypack.dev/-/vega-embed@v6.26.0-0yAdpZbj3i4rRevkUMhK/dist=es2020,mode=imports,min/optimized/vega-embed.js": "732928d1f3737c629053f1ffec070330496f61007212f003017ad771cd7a3b4d",
    "https://cdn.skypack.dev/-/vega-encode@v4.10.0-yJSi7X9R48uBbncwkP6u/dist=es2020,mode=imports,min/optimized/vega-encode.js": "9163f7131e015f7f4eedbbb03d1cc85aac642aa88ea6c1576e21a70f6985b6af",
    "https://cdn.skypack.dev/-/vega-encode@v4.10.1-Pg43i2sI9rM8xoeOkJ8i/dist=es2020,mode=imports,min/optimized/vega-encode.js": "cb4e287874f0821ac9bde16f577ba266467ea052ea7167a2f7dbd9a36702e15d",
    "https://cdn.skypack.dev/-/vega-encode@v4.9.2-73LzBc3ioSKmAYWtrrRd/dist=es2020,mode=imports,min/optimized/vega-encode.js": "ed33b1420992053adfe64858e5097e0ae20401c0f33cf25fe0cb7c0eded996b4",
    "https://cdn.skypack.dev/-/vega-event-selector@v3.0.1-UgiEAWJA4WQL4DTKnV4R/dist=es2020,mode=imports,min/optimized/vega-event-selector.js": "989e03b5cac918c561bff9ce0fac0de1f4babec32ddf84b45c0018b49233b8d8",
    "https://cdn.skypack.dev/-/vega-expression@v5.0.1-M3HJnXNS0AVPna9ohQFr/dist=es2020,mode=imports,min/optimized/vega-expression.js": "5c48f00dd25f3e524932d9ef0d50c4bb50db99149df9f40a8ee82cb41d3e83db",
    "https://cdn.skypack.dev/-/vega-expression@v5.1.0-2VnsdaYPtQ6Pi5w8JxN8/dist=es2020,mode=imports,min/optimized/vega-expression.js": "e7849a7bc56f395f21dd1dbba2f08c6c44ad0085d1f28e8c894cadee13221ff6",
    "https://cdn.skypack.dev/-/vega-expression@v5.1.1-K4clrYr2THuj5KncykTn/dist=es2020,mode=imports,min/optimized/vega-expression.js": "c32a0055e8bf68f80de5d89cb4a7c75966430a8f0e1ff38b79bbc58abd8c1318",
    "https://cdn.skypack.dev/-/vega-force@v4.2.0-CTEP5XRxhUGWUZM8MwQs/dist=es2020,mode=imports,min/optimized/vega-force.js": "ab5ba1edd5b4f582438a5ef14a14307642bf9a8324a4ec5b8dcb214853b33989",
    "https://cdn.skypack.dev/-/vega-force@v4.2.1-a7V5XmM7au6PlfMbPpDy/dist=es2020,mode=imports,min/optimized/vega-force.js": "73e3d6f9c4d2e13e635e33c9815cee9d2c84fcfd21e19acbd2755204802ff01c",
    "https://cdn.skypack.dev/-/vega-format@v1.1.1-MIkBcxVtnuOzCt2MeOxi/dist=es2020,mode=imports,min/optimized/vega-format.js": "05ffe821b1d02cbb6642e7c61f596fb7d9409bb1e1b48e899342c55fb6968114",
    "https://cdn.skypack.dev/-/vega-format@v1.1.2-rBsMjG1MOmb395qvySoI/dist=es2020,mode=imports,min/optimized/vega-format.js": "46413dabf78207d061f7c0338d9605a9fd3f6e4214b513c544547bf42f261b58",
    "https://cdn.skypack.dev/-/vega-functions@v5.13.1-5gFjwySEK8datc3yFaKG/dist=es2020,mode=imports,min/optimized/vega-functions.js": "ff6862fed87af22f8e25d7e1ecd4182fbe25d13c72241b489a2106f18ec83e8f",
    "https://cdn.skypack.dev/-/vega-functions@v5.13.2-D3m7Mll472SfG8JZdJut/dist=es2020,mode=imports,min/optimized/vega-functions.js": "f6203636cc43131c9ab948267c24dc5f6fbafee47c9af9e2ab7333225fa6e1b9",
    "https://cdn.skypack.dev/-/vega-functions@v5.14.0-VEmryigAZ791DplLK2kn/dist=es2020,mode=imports,min/optimized/vega-functions.js": "1fcf16dead58603313ccdb4e03d843581b0fd284dbb069685746880463f2b282",
    "https://cdn.skypack.dev/-/vega-functions@v5.15.0-Bjrw9nnQutKMtsMi1DSI/dist=es2020,mode=imports,min/optimized/vega-functions.js": "b5922b1aa5e4b78e214a6e62f3679bfe388fd92b743b7133cd930ccecf51bd5d",
    "https://cdn.skypack.dev/-/vega-geo@v4.4.1-8TUdHGrJmGMaKM9x1bwB/dist=es2020,mode=imports,min/optimized/vega-geo.js": "38da265eae9ad234cb470351fcd75a52ed015bcc766c318f3310be5e1b7b2558",
    "https://cdn.skypack.dev/-/vega-geo@v4.4.2-VUooSgw91eB4Vs4BcK3h/dist=es2020,mode=imports,min/optimized/vega-geo.js": "181516a49c5ec81ef993a9e70e75caf4d5f3c59b28d0bd66341252a3284c30d6",
    "https://cdn.skypack.dev/-/vega-hierarchy@v4.1.1-UOm1ATDeVOQ6Lqji63hi/dist=es2020,mode=imports,min/optimized/vega-hierarchy.js": "d53c9755ead467ddc71103b521079cc082239c9f8140840e307869fa83a5d126",
    "https://cdn.skypack.dev/-/vega-hierarchy@v4.1.2-3wVtPHq13u3t0KUNwYDf/dist=es2020,mode=imports,min/optimized/vega-hierarchy.js": "bdda308689e233f93c846eb1ddf41991921e3de8e087b4433abb26af1a2663c1",
    "https://cdn.skypack.dev/-/vega-interpreter@v1.0.5-xGayK8haM1EVgaoW7oOi/dist=es2020,mode=imports,min/optimized/vega-interpreter.js": "d327a5a4989f2a47721228246cdf4f76ce46fdcce997366ac76a52494bc62233",
    "https://cdn.skypack.dev/-/vega-label@v1.2.1-hEHqe293fM7lKP2OHb0o/dist=es2020,mode=imports,min/optimized/vega-label.js": "f186be230efd3bc1f545de164ee00f0b0ffae1e42a0bbc598c971611fa8151d7",
    "https://cdn.skypack.dev/-/vega-label@v1.3.0-9aipnSY6IQFGc3Lm2JSc/dist=es2020,mode=imports,min/optimized/vega-label.js": "0a19e0332a8747cfe6202bdeecb2c001f172f7e892efbfec15dbc47adb502dd2",
    "https://cdn.skypack.dev/-/vega-lite@v5.14.1-0IRM1VigcIVzRzBRoLFR/dist=es2020,mode=imports,min/optimized/vega-lite.js": "43b3a6390e74d04c001cdbb8fe354c27ea6cab1827132703bb2f060f98b7e2b4",
    "https://cdn.skypack.dev/-/vega-lite@v5.15.1-lQeQs8sDPgFa9d7Jm3sd/dist=es2020,mode=imports,min/optimized/vega-lite.js": "1a41914785889f531a4a2e2822d794f1f44d4a797d1b65a8da253469c689f959",
    "https://cdn.skypack.dev/-/vega-lite@v5.16.3-Hw7pZxUuaiVgThsNMjY9/dist=es2020,mode=imports,min/optimized/vega-lite.js": "cf924c539a78560be1ed200fd07d08adc2cf567849423a74c1b746eed8c5cf94",
    "https://cdn.skypack.dev/-/vega-lite@v5.17.0-jkfrfJOQ30TsVIlEEbKQ/dist=es2020,mode=imports,min/optimized/vega-lite.js": "7e9436a143e66cba83a290a5df9d0dacd7a07665b59a51bbc7f52297c2b933f0",
    "https://cdn.skypack.dev/-/vega-lite@v5.18.1-CIbWw1F4YnIlhO9UCtHA/dist=es2020,mode=imports,min/optimized/vega-lite.js": "d69a1e599f49692308be4917d7133d1eb5d4fb5ea455e768462c2395fe8891c3",
    "https://cdn.skypack.dev/-/vega-lite@v5.19.0-4m5nwXbwdKW9Bc7adV02/dist=es2020,mode=imports,min/optimized/vega-lite.js": "0596a09edd84b4909c44e823ef080f032442deb5bb97ab16c0d6ed3d590083e2",
    "https://cdn.skypack.dev/-/vega-lite@v5.20.1-5FloWSAHKfabpxOoogY3/dist=es2020,mode=imports,min/optimized/vega-lite.js": "ed1be36d17c924e64d798a2d7f405a85f20dec2ec64716b8db0a3560c6aadaa1",
    "https://cdn.skypack.dev/-/vega-lite@v5.21.0-FWbVtRVTj7vqBi6QZX8A/dist=es2020,mode=imports,min/optimized/vega-lite.js": "541ca513a5ab2ef8ddf0832f5b29e9163be04cdd4b521fe1303f5df1da203e1a",
    "https://cdn.skypack.dev/-/vega-lite@v5.8.0-4snbURNltT4se5LjMOKF/dist=es2020,mode=imports,min/optimized/vega-lite.js": "c22a02badb30bcb5ecd8d588a11bd5358ad6e82ed07fa4b7e23ebe38cedfb30e",
    "https://cdn.skypack.dev/-/vega-loader@v4.5.1-e2JpneCYErTzObWVOVxs/dist=es2020,mode=imports,min/optimized/vega-loader.js": "8e026486f1b6241606863ac874f2baaf2236fcd58a49b55c107cb3192456be31",
    "https://cdn.skypack.dev/-/vega-loader@v4.5.2-1ImBl2TigOVzvurACWyz/dist=es2020,mode=imports,min/optimized/vega-loader.js": "7f40b6caec38abdb3e1bc6d5d4e87d74357c8900a9a8ddf3de600670ffea9cfb",
    "https://cdn.skypack.dev/-/vega-parser@v6.2.0-Ld7hvHcZsTPXKLjR4bzT/dist=es2020,mode=imports,min/optimized/vega-parser.js": "7ef26f66adfced19da2186323e84c3c7043c2caf01bc433c317724f6cb7d14a4",
    "https://cdn.skypack.dev/-/vega-parser@v6.2.1-X78jYKJs2rYoIxBSCsa8/dist=es2020,mode=imports,min/optimized/vega-parser.js": "e0ccd7506cdf89332e11f14010815b7a35edd5ee47d9151bf0de76785ee4f438",
    "https://cdn.skypack.dev/-/vega-parser@v6.3.0-LmHzQ5CDjQqCqdcg4N1t/dist=es2020,mode=imports,min/optimized/vega-parser.js": "1d7055c8fb78ab978ddc46f5d492901116cd87b3848ca9640a6792b80201a2f2",
    "https://cdn.skypack.dev/-/vega-parser@v6.4.0-nwGMLAa2L4N1N7f1iRh9/dist=es2020,mode=imports,min/optimized/vega-parser.js": "a45e09ee8289898f94325dc3e94277205bed3333ab7f79ae6e387508ecf21977",
    "https://cdn.skypack.dev/-/vega-projection@v1.6.0-lGjH1T1qHepW8BpZZrrV/dist=es2020,mode=imports,min/optimized/vega-projection.js": "89f8da5d188fc8f861134cb95e23b109f09f1bc9076d2ff333096106f689333f",
    "https://cdn.skypack.dev/-/vega-projection@v1.6.1-zBdxeV9K67u1hPOXPxMf/dist=es2020,mode=imports,min/optimized/vega-projection.js": "43cead0086bb17c8f3e282fd14d47bd0e8512675fb841c170ab02bf7eeb500f1",
    "https://cdn.skypack.dev/-/vega-regression@v1.2.0-qmJkAzTyLtlu9jZBRY67/dist=es2020,mode=imports,min/optimized/vega-regression.js": "7eb2148faf1e09cff949e6ed86d2e8d2456d62754c29b62da12c7de8f2be0cde",
    "https://cdn.skypack.dev/-/vega-regression@v1.3.0-nz37hjrP5F5zaTiwVMMX/dist=es2020,mode=imports,min/optimized/vega-regression.js": "34d761c0ab44c918070008f8bfa7849c7a5038e70a8e10768984ab82e3154c09",
    "https://cdn.skypack.dev/-/vega-runtime@v6.1.4-aFKCWR0DKdVqzAheQZ7x/dist=es2020,mode=imports,min/optimized/vega-runtime.js": "bb1d68d05ef57fbfe7e10d500ed86770b9c9539883f80de4fbb3f3e1bae65f29",
    "https://cdn.skypack.dev/-/vega-runtime@v6.2.0-6BElb2bSMc7jDTsbOGBN/dist=es2020,mode=imports,min/optimized/vega-runtime.js": "9cc4c451f0d5327765c6a224c8ac99a71ea556a988df18707e0423890341e36c",
    "https://cdn.skypack.dev/-/vega-scale@v7.3.0-RE8rHwByiw8oUoAe4pNs/dist=es2020,mode=imports,min/optimized/vega-scale.js": "08506db2059abf29f164706f47bee610974b8dd11b520f33de72f00d78761967",
    "https://cdn.skypack.dev/-/vega-scale@v7.3.1-hys32hcqPKVC7s5pBJV0/dist=es2020,mode=imports,min/optimized/vega-scale.js": "1ca9fab03fa72efcff7c3a70a40a8197789e9e8a67e36ced811754f492ef7dd2",
    "https://cdn.skypack.dev/-/vega-scale@v7.4.0-E7uTWSrTZRg6a4ynk0OL/dist=es2020,mode=imports,min/optimized/vega-scale.js": "8d8fcf19bd960154bc2688631ee193f9116eff09b80b3c0b43574893348415db",
    "https://cdn.skypack.dev/-/vega-scale@v7.4.1-M0T9Gn9zHGGuV6XhZsTO/dist=es2020,mode=imports,min/optimized/vega-scale.js": "0ca97e5e2406bc0fce00556f77b4d922bf142c1befbaf74807a5f88a7ccf3aaf",
    "https://cdn.skypack.dev/-/vega-scenegraph@v4.10.2-W1dltMWN7mO3TARazJA1/dist=es2020,mode=imports,min/optimized/vega-scenegraph.js": "fd90edc75cbf63bd82cf02d80d4fde9460c12a944f8cad8efe208e26b9c7df0c",
    "https://cdn.skypack.dev/-/vega-scenegraph@v4.11.1-t7X1dmv0ePHm76Ol8yPQ/dist=es2020,mode=imports,min/optimized/vega-scenegraph.js": "b1e3ea40e5ec7ebf482eba2ba5c85c4124d7101dd8876b442a1778cdd8f4c4c3",
    "https://cdn.skypack.dev/-/vega-scenegraph@v4.11.2-ECjtKQ59x40n6e1Sr54c/dist=es2020,mode=imports,min/optimized/vega-scenegraph.js": "d4a9e68a48759c4c346f1cb7829a7147a4e45ba9d8ef83119017cc905e3e856b",
    "https://cdn.skypack.dev/-/vega-scenegraph@v4.12.0-L4RnNNRRqhpJi4com6ck/dist=es2020,mode=imports,min/optimized/vega-scenegraph.js": "7fdb5bfd519cee73c937038a9b6e9a252204593285cd90b795df38c27af6d239",
    "https://cdn.skypack.dev/-/vega-scenegraph@v4.13.0-kC2RziuM0eIjiq6SsQ1g/dist=es2020,mode=imports,min/optimized/vega-scenegraph.js": "78d80da8ab41436d70425426fef88cb83ba2ba1c647da0abe6ae3090a8e1fa84",
    "https://cdn.skypack.dev/-/vega-schema-url-parser@v2.2.0-YmXJGRcKOXOac3VG4xfw/dist=es2020,mode=imports,min/optimized/vega-schema-url-parser.js": "ccf010628054283f5ff16e3aefcc2e339740760a96100a29290f0fbfe249a1f9",
    "https://cdn.skypack.dev/-/vega-selections@v5.4.1-4yIDtA9NY6vzeN00RWao/dist=es2020,mode=imports,min/optimized/vega-selections.js": "f1080e571025e8074fe310398a6bd03b0b8cb9b633261ec1f74acf8e72859969",
    "https://cdn.skypack.dev/-/vega-selections@v5.4.2-kOpqaoZxiZQE5rKxTnvY/dist=es2020,mode=imports,min/optimized/vega-selections.js": "967d6a5d7b35876eec89d4b665f6fa373fbfef695837e0f68d74bcc845a755e9",
    "https://cdn.skypack.dev/-/vega-statistics@v1.8.1-mXKADMfVQufwILOgkTiI/dist=es2020,mode=imports,min/optimized/vega-statistics.js": "2ea153dcecbe30792fa06a0a6f3527150a6835de7b4604498ae360861d70d36e",
    "https://cdn.skypack.dev/-/vega-statistics@v1.9.0-Qw8CjSQVQOg2M6VMgsme/dist=es2020,mode=imports,min/optimized/vega-statistics.js": "fa35345ff1603675b654d793cf9d86fb8e5b1022bbb6d41e7aea9d93cff31882",
    "https://cdn.skypack.dev/-/vega-themes@v2.15.0-wV2Z38N5Dk8FL05cPDbE/dist=es2020,mode=imports,min/optimized/vega-themes.js": "a5ff887f32454cc67355840bdf7aeadb1cbb386d9bf569d692db301db8290643",
    "https://cdn.skypack.dev/-/vega-time@v2.1.1-Q1TxQbneCNdh5ryZm2Gf/dist=es2020,mode=imports,min/optimized/vega-time.js": "d10812d73b7711abaf71a29a5c4a0af254b56181bedd493623b84bc65ed756a6",
    "https://cdn.skypack.dev/-/vega-time@v2.1.2-0zBPNlF5GMoxR6YChBaP/dist=es2020,mode=imports,min/optimized/vega-time.js": "addb9aed846f641690a6619bf3a510d05486b11b5370332e93338db0dc766e0a",
    "https://cdn.skypack.dev/-/vega-tooltip@v0.34.0-YVV3uKnnOnCt2kW7Vclb/dist=es2020,mode=imports,min/optimized/vega-tooltip.js": "1cc562deac364eb9cd70a3b3a1bae6cccc556c6af38a2dc1ac42785ae18069b7",
    "https://cdn.skypack.dev/-/vega-transforms@v4.10.2-ZwuxbjLubhdUwIKHKtlL/dist=es2020,mode=imports,min/optimized/vega-transforms.js": "cbff6d0eba82c26449b550e25fcc679d36b66fa14bb8b818d6bc38b4fd2229b0",
    "https://cdn.skypack.dev/-/vega-transforms@v4.11.0-WGMpHJSv6jDchyWlqRvP/dist=es2020,mode=imports,min/optimized/vega-transforms.js": "ca6f3771b5bd054d9b491de1376f17552da5f4143776d0656a6b5583c79648ba",
    "https://cdn.skypack.dev/-/vega-transforms@v4.11.1-RhFnNq7TnH1umseD2FsT/dist=es2020,mode=imports,min/optimized/vega-transforms.js": "3da15fafb791e1c9a9ef28ef1f660d67bc6e1dfb2969b27fedd5f24c0a332fdd",
    "https://cdn.skypack.dev/-/vega-transforms@v4.12.0-yproJe1RDXbiUml7qQ0X/dist=es2020,mode=imports,min/optimized/vega-transforms.js": "654ea92a6354f5097b0a39470c50985633a4121528d57d27b22fd94aae00db7e",
    "https://cdn.skypack.dev/-/vega-util@v1.17.1-uwuqwLZrXXBeO0DFYRgh/dist=es2020,mode=imports,min/optimized/vega-util.js": "2db2d8a0e360fe4cbc97f9f27d71b8a292504af1df7f5beeaa99db87d669e8ec",
    "https://cdn.skypack.dev/-/vega-util@v1.17.2-LUfkDhormMyfWqy3Ts6U/dist=es2020,mode=imports,min/optimized/vega-util.js": "196e4300a9dab1cedf9ec44e4d900aacb85ba702a9cc10fe32e320e32f039da3",
    "https://cdn.skypack.dev/-/vega-view-transforms@v4.5.9-LiB26zIbxiHZW70fnrDI/dist=es2020,mode=imports,min/optimized/vega-view-transforms.js": "2cbe337b032699c153c8790b85b90fe4c821362ea9d218138c14d277fa565c63",
    "https://cdn.skypack.dev/-/vega-view-transforms@v4.6.0-xmN4bj51geArzzY2TWCo/dist=es2020,mode=imports,min/optimized/vega-view-transforms.js": "df9eef9cc8f386202a849985c62597eb134bbd01392f703b045d4f85aebabef9",
    "https://cdn.skypack.dev/-/vega-view@v5.11.1-FQ9r1BvJOMHegkomXDyj/dist=es2020,mode=imports,min/optimized/vega-view.js": "e546b74b099c9ad77c6440bf6a51beb61aef39d83d9ff4d056800d272efdbc2a",
    "https://cdn.skypack.dev/-/vega-view@v5.12.0-cCWaN8IOCLu8oOg9KxwN/dist=es2020,mode=imports,min/optimized/vega-view.js": "fe02a08b7c93ceb45c07b8646a2d9c7984346b1ae416cdba1440cae963c81845",
    "https://cdn.skypack.dev/-/vega-view@v5.12.1-a4pniPVE0qikA9jC9IPC/dist=es2020,mode=imports,min/optimized/vega-view.js": "add6b54889efd91a058e51102147616aa806a983516a700eb55a2350e60c4779",
    "https://cdn.skypack.dev/-/vega-view@v5.13.0-kQxd3tMOiOBtyjX1ukMi/dist=es2020,mode=imports,min/optimized/vega-view.js": "2c7e3d5fc737ae25039a1361e2efdfaa80b69bf0c2d236e30dd456b5645b1c25",
    "https://cdn.skypack.dev/-/vega-voronoi@v4.2.1-NrRTxuT3DOJ52CnCL8nc/dist=es2020,mode=imports,min/optimized/vega-voronoi.js": "fe6613e01d713830aac481d9dc771626fe697ac171aa69e69073e9a239fffb52",
    "https://cdn.skypack.dev/-/vega-voronoi@v4.2.2-oQ1o0oW6SZfwHLCCdDRf/dist=es2020,mode=imports,min/optimized/vega-voronoi.js": "7f7a35094baa1af7efa075a47cec713df5f9f2b33e64baa194628eb6ebf662d5",
    "https://cdn.skypack.dev/-/vega-voronoi@v4.2.3-8V3D15dKJKAY9dyHESDq/dist=es2020,mode=imports,min/optimized/vega-voronoi.js": "e2250e8014406021eeaffd00c433e92bbb64d7b87c7917183026a6535a9f1e0a",
    "https://cdn.skypack.dev/-/vega-wordcloud@v4.1.4-J5ewLsaJzX7o65uuoGqD/dist=es2020,mode=imports,min/optimized/vega-wordcloud.js": "b70e1a39827a73619974b78d6bbac40190f79df270554ec1c472cc072b3831d7",
    "https://cdn.skypack.dev/-/vega-wordcloud@v4.1.5-5xdRMt86NkNNCDjMSy6z/dist=es2020,mode=imports,min/optimized/vega-wordcloud.js": "0c00dd48606ce4ca5c8fb568a799a478ca3e0949c71cc5a6fc42d2cbd13668b6",
    "https://cdn.skypack.dev/-/vega@v5.25.0-r16knbfAAfBFDoUvoc7K/dist=es2020,mode=imports,min/optimized/vega.js": "88a9c7840aac937f26920d250538b538501d6f3716f9db0d03a7fadb53b4306c",
    "https://cdn.skypack.dev/-/vega@v5.26.1-qzT1gQErRVzfnh254DSg/dist=es2020,mode=imports,min/optimized/vega.js": "15a8ec9ed2b647fdec19b403888dfc81c33166b6632dd751f9a153878d6eb410",
    "https://cdn.skypack.dev/-/vega@v5.28.0-apQC2txkSWyYRCV9ipfx/dist=es2020,mode=imports,min/optimized/vega.js": "0801144af6a3f4088f697833854878d0024634965e673f67803a25fda3f28020",
    "https://cdn.skypack.dev/-/vega@v5.29.0-gABgAlTvpyWuLs0vmpeG/dist=es2020,mode=imports,min/optimized/vega.js": "d2cb606bd51ffe75e49d142f1ba977043ce4be39914b91b51d114b27b06a41bb",
    "https://cdn.skypack.dev/-/vega@v5.30.0-fYDVG3pUN16BiGmbVNdw/dist=es2020,mode=imports,min/optimized/vega.js": "51335cc4c76cf2bcfcdfb3839d12f3ac7360da0f8cb4a7adf014af3943d1d5f6",
    "https://cdn.skypack.dev/pin/lodash.debounce@v4.0.8-aOLIwnE2RethWPrEzTeR/mode=imports,min/optimized/lodash.debounce.js": "580ebc0a1474b64514daec8d72cb7ebf8ea8e4d88ae3337d7d9532dbd1c9474d",
    "https://cdn.skypack.dev/pin/vega-embed@v6.26.0-0yAdpZbj3i4rRevkUMhK/mode=imports,min/optimized/vega-embed.js": "4539901dc6246005556ef19c57829a84b65ab601612e9ad6eddaaed0d8a8b591",
    "https://cdn.skypack.dev/pin/vega-lite@v5.14.1-0IRM1VigcIVzRzBRoLFR/mode=imports,min/optimized/vega-lite.js": "1deefcadf929e50f6673aaecc6f6e27551c63ab6176cb60a1e6abedd0da288ec",
    "https://cdn.skypack.dev/pin/vega-lite@v5.15.1-lQeQs8sDPgFa9d7Jm3sd/mode=imports,min/optimized/vega-lite.js": "77df09b00f23f614624c90755dbc6a84d5c45301cdc110909732ae3abe9bb9de",
    "https://cdn.skypack.dev/pin/vega-lite@v5.16.3-Hw7pZxUuaiVgThsNMjY9/mode=imports,min/optimized/vega-lite.js": "914c222fda43afc18ea3d982abe8b254191053b774d92c352141f9586f7380d3",
    "https://cdn.skypack.dev/pin/vega-lite@v5.17.0-jkfrfJOQ30TsVIlEEbKQ/mode=imports,min/optimized/vega-lite.js": "e02d9382524f6229d4e9c70ac689731567dbed67eeaf94366d3f889e28e20050",
    "https://cdn.skypack.dev/pin/vega-lite@v5.18.1-CIbWw1F4YnIlhO9UCtHA/mode=imports,min/optimized/vega-lite.js": "2af67a3635b8232917a27d045933b749a0442f7ce46db1d35ab2da1117423b4b",
    "https://cdn.skypack.dev/pin/vega-lite@v5.19.0-4m5nwXbwdKW9Bc7adV02/mode=imports,min/optimized/vega-lite.js": "c7e77e6dd06e00e4597675257059b2bee3606d321e2cea49d328e32d282c45e6",
    "https://cdn.skypack.dev/pin/vega-lite@v5.20.1-5FloWSAHKfabpxOoogY3/mode=imports,min/optimized/vega-lite.js": "410d0577c376f15d782b36ecb9d154669430793736f686b6902aa0803bf97d36",
    "https://cdn.skypack.dev/pin/vega-lite@v5.21.0-FWbVtRVTj7vqBi6QZX8A/mode=imports,min/optimized/vega-lite.js": "a8e1c978a241f3c2b2b9920017f9045ea4ad2d125fcd2e9515be38bf4c4a909a",
    "https://cdn.skypack.dev/pin/vega-lite@v5.8.0-4snbURNltT4se5LjMOKF/mode=imports,min/optimized/vega-lite.js": "4f825745d2760414fa566302818ccfce7fed762cea5a4f8501dba59e255a1256",
    "https://cdn.skypack.dev/pin/vega-themes@v2.15.0-wV2Z38N5Dk8FL05cPDbE/mode=imports,min/optimized/vega-themes.js": "9053c3dfaeaca18a92e7064cca449d86997b639c71a85060022c025effe96c38",
    "https://cdn.skypack.dev/pin/vega@v5.30.0-fYDVG3pUN16BiGmbVNdw/mode=imports,min/optimized/vega.js": "16ac2d057167e8eb2f2019ef2265abc51370236dddff72dda772a37912eba84e"
  }
}
